// !$*UTF8*$!
{
	archiveVersion = 1;
	classes = {
	};
	objectVersion = 77;
	objects = {

/* Begin PBXBuildFile section */
		566D3D012D9D374900516319 /* SwiftUIFontIcon in Frameworks */ = {isa = PBXBuildFile; productRef = 566D3D002D9D374900516319 /* SwiftUIFontIcon */; };
/* End PBXBuildFile section */

/* Begin PBXContainerItemProxy section */
		56489ABF2D870B7A0042832B /* PBXContainerItemProxy */ = {
			isa = PBXContainerItemProxy;
			containerPortal = 56489AA62D870B790042832B /* Project object */;
			proxyType = 1;
			remoteGlobalIDString = 56489AAD2D870B790042832B;
			remoteInfo = "Expense Tracker (Tutorial)";
		};
		56489AC92D870B7A0042832B /* PBXContainerItemProxy */ = {
			isa = PBXContainerItemProxy;
			containerPortal = 56489AA62D870B790042832B /* Project object */;
			proxyType = 1;
			remoteGlobalIDString = 56489AAD2D870B790042832B;
			remoteInfo = "Expense Tracker (Tutorial)";
		};
/* End PBXContainerItemProxy section */

/* Begin PBXFileReference section */
		56489AAE2D870B790042832B /* Expense Tracker (Tutorial).app */ = {isa = PBXFileReference; explicitFileType = wrapper.application; includeInIndex = 0; path = "Expense Tracker (Tutorial).app"; sourceTree = BUILT_PRODUCTS_DIR; };
		56489ABE2D870B7A0042832B /* Expense Tracker (Tutorial)Tests.xctest */ = {isa = PBXFileReference; explicitFileType = wrapper.cfbundle; includeInIndex = 0; path = "Expense Tracker (Tutorial)Tests.xctest"; sourceTree = BUILT_PRODUCTS_DIR; };
		56489AC82D870B7A0042832B /* Expense Tracker (Tutorial)UITests.xctest */ = {isa = PBXFileReference; explicitFileType = wrapper.cfbundle; includeInIndex = 0; path = "Expense Tracker (Tutorial)UITests.xctest"; sourceTree = BUILT_PRODUCTS_DIR; };
/* End PBXFileReference section */

/* Begin PBXFileSystemSynchronizedRootGroup section */
		56489AB02D870B790042832B /* Expense Tracker (Tutorial) */ = {
			isa = PBXFileSystemSynchronizedRootGroup;
			path = "Expense Tracker (Tutorial)";
			sourceTree = "<group>";
		};
		56489AC12D870B7A0042832B /* Expense Tracker (Tutorial)Tests */ = {
			isa = PBXFileSystemSynchronizedRootGroup;
			path = "Expense Tracker (Tutorial)Tests";
			sourceTree = "<group>";
		};
		56489ACB2D870B7A0042832B /* Expense Tracker (Tutorial)UITests */ = {
			isa = PBXFileSystemSynchronizedRootGroup;
			path = "Expense Tracker (Tutorial)UITests";
			sourceTree = "<group>";
		};
/* End PBXFileSystemSynchronizedRootGroup section */

/* Begin PBXFrameworksBuildPhase section */
		56489AAB2D870B790042832B /* Frameworks */ = {
			isa = PBXFrameworksBuildPhase;
			buildActionMask = 2147483647;
			files = (
				566D3D012D9D374900516319 /* SwiftUIFontIcon in Frameworks */,
			);
			runOnlyForDeploymentPostprocessing = 0;
		};
		56489ABB2D870B7A0042832B /* Frameworks */ = {
			isa = PBXFrameworksBuildPhase;
			buildActionMask = 2147483647;
			files = (
			);
			runOnlyForDeploymentPostprocessing = 0;
		};
		56489AC52D870B7A0042832B /* Frameworks */ = {
			isa = PBXFrameworksBuildPhase;
			buildActionMask = 2147483647;
			files = (
			);
			runOnlyForDeploymentPostprocessing = 0;
		};
/* End PBXFrameworksBuildPhase section */

/* Begin PBXGroup section */
		56489AA52D870B790042832B = {
			isa = PBXGroup;
			children = (
				56489AB02D870B790042832B /* Expense Tracker (Tutorial) */,
				56489AC12D870B7A0042832B /* Expense Tracker (Tutorial)Tests */,
				56489ACB2D870B7A0042832B /* Expense Tracker (Tutorial)UITests */,
				56489AAF2D870B790042832B /* Products */,
			);
			sourceTree = "<group>";
		};
		56489AAF2D870B790042832B /* Products */ = {
			isa = PBXGroup;
			children = (
				56489AAE2D870B790042832B /* Expense Tracker (Tutorial).app */,
				56489ABE2D870B7A0042832B /* Expense Tracker (Tutorial)Tests.xctest */,
				56489AC82D870B7A0042832B /* Expense Tracker (Tutorial)UITests.xctest */,
			);
			name = Products;
			sourceTree = "<group>";
		};
/* End PBXGroup section */

/* Begin PBXNativeTarget section */
		56489AAD2D870B790042832B /* Expense Tracker (Tutorial) */ = {
			isa = PBXNativeTarget;
			buildConfigurationList = 56489AD22D870B7A0042832B /* Build configuration list for PBXNativeTarget "Expense Tracker (Tutorial)" */;
			buildPhases = (
				56489AAA2D870B790042832B /* Sources */,
				56489AAB2D870B790042832B /* Frameworks */,
				56489AAC2D870B790042832B /* Resources */,
			);
			buildRules = (
			);
			dependencies = (
			);
			fileSystemSynchronizedGroups = (
				56489AB02D870B790042832B /* Expense Tracker (Tutorial) */,
			);
			name = "Expense Tracker (Tutorial)";
			packageProductDependencies = (
				566D3D002D9D374900516319 /* SwiftUIFontIcon */,
			);
			productName = "Expense Tracker (Tutorial)";
			productReference = 56489AAE2D870B790042832B /* Expense Tracker (Tutorial).app */;
			productType = "com.apple.product-type.application";
		};
		56489ABD2D870B7A0042832B /* Expense Tracker (Tutorial)Tests */ = {
			isa = PBXNativeTarget;
			buildConfigurationList = 56489AD52D870B7A0042832B /* Build configuration list for PBXNativeTarget "Expense Tracker (Tutorial)Tests" */;
			buildPhases = (
				56489ABA2D870B7A0042832B /* Sources */,
				56489ABB2D870B7A0042832B /* Frameworks */,
				56489ABC2D870B7A0042832B /* Resources */,
			);
			buildRules = (
			);
			dependencies = (
				56489AC02D870B7A0042832B /* PBXTargetDependency */,
			);
			fileSystemSynchronizedGroups = (
				56489AC12D870B7A0042832B /* Expense Tracker (Tutorial)Tests */,
			);
			name = "Expense Tracker (Tutorial)Tests";
			packageProductDependencies = (
			);
			productName = "Expense Tracker (Tutorial)Tests";
			productReference = 56489ABE2D870B7A0042832B /* Expense Tracker (Tutorial)Tests.xctest */;
			productType = "com.apple.product-type.bundle.unit-test";
		};
		56489AC72D870B7A0042832B /* Expense Tracker (Tutorial)UITests */ = {
			isa = PBXNativeTarget;
			buildConfigurationList = 56489AD82D870B7A0042832B /* Build configuration list for PBXNativeTarget "Expense Tracker (Tutorial)UITests" */;
			buildPhases = (
				56489AC42D870B7A0042832B /* Sources */,
				56489AC52D870B7A0042832B /* Frameworks */,
				56489AC62D870B7A0042832B /* Resources */,
			);
			buildRules = (
			);
			dependencies = (
				56489ACA2D870B7A0042832B /* PBXTargetDependency */,
			);
			fileSystemSynchronizedGroups = (
				56489ACB2D870B7A0042832B /* Expense Tracker (Tutorial)UITests */,
			);
			name = "Expense Tracker (Tutorial)UITests";
			packageProductDependencies = (
			);
			productName = "Expense Tracker (Tutorial)UITests";
			productReference = 56489AC82D870B7A0042832B /* Expense Tracker (Tutorial)UITests.xctest */;
			productType = "com.apple.product-type.bundle.ui-testing";
		};
/* End PBXNativeTarget section */

/* Begin PBXProject section */
		56489AA62D870B790042832B /* Project object */ = {
			isa = PBXProject;
			attributes = {
				BuildIndependentTargetsInParallel = 1;
				LastSwiftUpdateCheck = 1620;
				LastUpgradeCheck = 1620;
				TargetAttributes = {
					56489AAD2D870B790042832B = {
						CreatedOnToolsVersion = 16.2;
					};
					56489ABD2D870B7A0042832B = {
						CreatedOnToolsVersion = 16.2;
						TestTargetID = 56489AAD2D870B790042832B;
					};
					56489AC72D870B7A0042832B = {
						CreatedOnToolsVersion = 16.2;
						TestTargetID = 56489AAD2D870B790042832B;
					};
				};
			};
			buildConfigurationList = 56489AA92D870B790042832B /* Build configuration list for PBXProject "Expense Tracker (Tutorial)" */;
			developmentRegion = en;
			hasScannedForEncodings = 0;
			knownRegions = (
				en,
				Base,
			);
			mainGroup = 56489AA52D870B790042832B;
			minimizedProjectReferenceProxies = 1;
			packageReferences = (
				566D3CE82D9C3EAA00516319 /* XCRemoteSwiftPackageReference "SwiftUIFontIcon" */,
			);
			preferredProjectObjectVersion = 77;
			productRefGroup = 56489AAF2D870B790042832B /* Products */;
			projectDirPath = "";
			projectRoot = "";
			targets = (
				56489AAD2D870B790042832B /* Expense Tracker (Tutorial) */,
				56489ABD2D870B7A0042832B /* Expense Tracker (Tutorial)Tests */,
				56489AC72D870B7A0042832B /* Expense Tracker (Tutorial)UITests */,
			);
		};
/* End PBXProject section */

/* Begin PBXResourcesBuildPhase section */
		56489AAC2D870B790042832B /* Resources */ = {
			isa = PBXResourcesBuildPhase;
			buildActionMask = 2147483647;
			files = (
			);
			runOnlyForDeploymentPostprocessing = 0;
		};
		56489ABC2D870B7A0042832B /* Resources */ = {
			isa = PBXResourcesBuildPhase;
			buildActionMask = 2147483647;
			files = (
			);
			runOnlyForDeploymentPostprocessing = 0;
		};
		56489AC62D870B7A0042832B /* Resources */ = {
			isa = PBXResourcesBuildPhase;
			buildActionMask = 2147483647;
			files = (
			);
			runOnlyForDeploymentPostprocessing = 0;
		};
/* End PBXResourcesBuildPhase section */

/* Begin PBXSourcesBuildPhase section */
		56489AAA2D870B790042832B /* Sources */ = {
			isa = PBXSourcesBuildPhase;
			buildActionMask = 2147483647;
			files = (
			);
			runOnlyForDeploymentPostprocessing = 0;
		};
		56489ABA2D870B7A0042832B /* Sources */ = {
			isa = PBXSourcesBuildPhase;
			buildActionMask = 2147483647;
			files = (
			);
			runOnlyForDeploymentPostprocessing = 0;
		};
		56489AC42D870B7A0042832B /* Sources */ = {
			isa = PBXSourcesBuildPhase;
			buildActionMask = 2147483647;
			files = (
			);
			runOnlyForDeploymentPostprocessing = 0;
		};
/* End PBXSourcesBuildPhase section */

/* Begin PBXTargetDependency section */
		56489AC02D870B7A0042832B /* PBXTargetDependency */ = {
			isa = PBXTargetDependency;
			target = 56489AAD2D870B790042832B /* Expense Tracker (Tutorial) */;
			targetProxy = 56489ABF2D870B7A0042832B /* PBXContainerItemProxy */;
		};
		56489ACA2D870B7A0042832B /* PBXTargetDependency */ = {
			isa = PBXTargetDependency;
			target = 56489AAD2D870B790042832B /* Expense Tracker (Tutorial) */;
			targetProxy = 56489AC92D870B7A0042832B /* PBXContainerItemProxy */;
		};
/* End PBXTargetDependency section */

/* Begin XCBuildConfiguration section */
		56489AD02D870B7A0042832B /* Debug */ = {
			isa = XCBuildConfiguration;
			buildSettings = {
				ALWAYS_SEARCH_USER_PATHS = NO;
				ASSETCATALOG_COMPILER_GENERATE_SWIFT_ASSET_SYMBOL_EXTENSIONS = YES;
				CLANG_ANALYZER_NONNULL = YES;
				CLANG_ANALYZER_NUMBER_OBJECT_CONVERSION = YES_AGGRESSIVE;
				CLANG_CXX_LANGUAGE_STANDARD = "gnu++20";
				CLANG_ENABLE_MODULES = YES;
				CLANG_ENABLE_OBJC_ARC = YES;
				CLANG_ENABLE_OBJC_WEAK = YES;
				CLANG_WARN_BLOCK_CAPTURE_AUTORELEASING = YES;
				CLANG_WARN_BOOL_CONVERSION = YES;
				CLANG_WARN_COMMA = YES;
				CLANG_WARN_CONSTANT_CONVERSION = YES;
				CLANG_WARN_DEPRECATED_OBJC_IMPLEMENTATIONS = YES;
				CLANG_WARN_DIRECT_OBJC_ISA_USAGE = YES_ERROR;
				CLANG_WARN_DOCUMENTATION_COMMENTS = YES;
				CLANG_WARN_EMPTY_BODY = YES;
				CLANG_WARN_ENUM_CONVERSION = YES;
				CLANG_WARN_INFINITE_RECURSION = YES;
				CLANG_WARN_INT_CONVERSION = YES;
				CLANG_WARN_NON_LITERAL_NULL_CONVERSION = YES;
				CLANG_WARN_OBJC_IMPLICIT_RETAIN_SELF = YES;
				CLANG_WARN_OBJC_LITERAL_CONVERSION = YES;
				CLANG_WARN_OBJC_ROOT_CLASS = YES_ERROR;
				CLANG_WARN_QUOTED_INCLUDE_IN_FRAMEWORK_HEADER = YES;
				CLANG_WARN_RANGE_LOOP_ANALYSIS = YES;
				CLANG_WARN_STRICT_PROTOTYPES = YES;
				CLANG_WARN_SUSPICIOUS_MOVE = YES;
				CLANG_WARN_UNGUARDED_AVAILABILITY = YES_AGGRESSIVE;
				CLANG_WARN_UNREACHABLE_CODE = YES;
				CLANG_WARN__DUPLICATE_METHOD_MATCH = YES;
				COPY_PHASE_STRIP = NO;
				DEBUG_INFORMATION_FORMAT = dwarf;
				ENABLE_STRICT_OBJC_MSGSEND = YES;
				ENABLE_TESTABILITY = YES;
				ENABLE_USER_SCRIPT_SANDBOXING = YES;
				GCC_C_LANGUAGE_STANDARD = gnu17;
				GCC_DYNAMIC_NO_PIC = NO;
				GCC_NO_COMMON_BLOCKS = YES;
				GCC_OPTIMIZATION_LEVEL = 0;
				GCC_PREPROCESSOR_DEFINITIONS = (
					"DEBUG=1",
					"$(inherited)",
				);
				GCC_WARN_64_TO_32_BIT_CONVERSION = YES;
				GCC_WARN_ABOUT_RETURN_TYPE = YES_ERROR;
				GCC_WARN_UNDECLARED_SELECTOR = YES;
				GCC_WARN_UNINITIALIZED_AUTOS = YES_AGGRESSIVE;
				GCC_WARN_UNUSED_FUNCTION = YES;
				GCC_WARN_UNUSED_VARIABLE = YES;
				IPHONEOS_DEPLOYMENT_TARGET = 18.2;
				LOCALIZATION_PREFERS_STRING_CATALOGS = YES;
				MTL_ENABLE_DEBUG_INFO = INCLUDE_SOURCE;
				MTL_FAST_MATH = YES;
				ONLY_ACTIVE_ARCH = YES;
				SDKROOT = iphoneos;
				SWIFT_ACTIVE_COMPILATION_CONDITIONS = "DEBUG $(inherited)";
				SWIFT_OPTIMIZATION_LEVEL = "-Onone";
			};
			name = Debug;
		};
		56489AD12D870B7A0042832B /* Release */ = {
			isa = XCBuildConfiguration;
			buildSettings = {
				ALWAYS_SEARCH_USER_PATHS = NO;
				ASSETCATALOG_COMPILER_GENERATE_SWIFT_ASSET_SYMBOL_EXTENSIONS = YES;
				CLANG_ANALYZER_NONNULL = YES;
				CLANG_ANALYZER_NUMBER_OBJECT_CONVERSION = YES_AGGRESSIVE;
				CLANG_CXX_LANGUAGE_STANDARD = "gnu++20";
				CLANG_ENABLE_MODULES = YES;
				CLANG_ENABLE_OBJC_ARC = YES;
				CLANG_ENABLE_OBJC_WEAK = YES;
				CLANG_WARN_BLOCK_CAPTURE_AUTORELEASING = YES;
				CLANG_WARN_BOOL_CONVERSION = YES;
				CLANG_WARN_COMMA = YES;
				CLANG_WARN_CONSTANT_CONVERSION = YES;
				CLANG_WARN_DEPRECATED_OBJC_IMPLEMENTATIONS = YES;
				CLANG_WARN_DIRECT_OBJC_ISA_USAGE = YES_ERROR;
				CLANG_WARN_DOCUMENTATION_COMMENTS = YES;
				CLANG_WARN_EMPTY_BODY = YES;
				CLANG_WARN_ENUM_CONVERSION = YES;
				CLANG_WARN_INFINITE_RECURSION = YES;
				CLANG_WARN_INT_CONVERSION = YES;
				CLANG_WARN_NON_LITERAL_NULL_CONVERSION = YES;
				CLANG_WARN_OBJC_IMPLICIT_RETAIN_SELF = YES;
				CLANG_WARN_OBJC_LITERAL_CONVERSION = YES;
				CLANG_WARN_OBJC_ROOT_CLASS = YES_ERROR;
				CLANG_WARN_QUOTED_INCLUDE_IN_FRAMEWORK_HEADER = YES;
				CLANG_WARN_RANGE_LOOP_ANALYSIS = YES;
				CLANG_WARN_STRICT_PROTOTYPES = YES;
				CLANG_WARN_SUSPICIOUS_MOVE = YES;
				CLANG_WARN_UNGUARDED_AVAILABILITY = YES_AGGRESSIVE;
				CLANG_WARN_UNREACHABLE_CODE = YES;
				CLANG_WARN__DUPLICATE_METHOD_MATCH = YES;
				COPY_PHASE_STRIP = NO;
				DEBUG_INFORMATION_FORMAT = "dwarf-with-dsym";
				ENABLE_NS_ASSERTIONS = NO;
				ENABLE_STRICT_OBJC_MSGSEND = YES;
				ENABLE_USER_SCRIPT_SANDBOXING = YES;
				GCC_C_LANGUAGE_STANDARD = gnu17;
				GCC_NO_COMMON_BLOCKS = YES;
				GCC_WARN_64_TO_32_BIT_CONVERSION = YES;
				GCC_WARN_ABOUT_RETURN_TYPE = YES_ERROR;
				GCC_WARN_UNDECLARED_SELECTOR = YES;
				GCC_WARN_UNINITIALIZED_AUTOS = YES_AGGRESSIVE;
				GCC_WARN_UNUSED_FUNCTION = YES;
				GCC_WARN_UNUSED_VARIABLE = YES;
				IPHONEOS_DEPLOYMENT_TARGET = 18.2;
				LOCALIZATION_PREFERS_STRING_CATALOGS = YES;
				MTL_ENABLE_DEBUG_INFO = NO;
				MTL_FAST_MATH = YES;
				SDKROOT = iphoneos;
				SWIFT_COMPILATION_MODE = wholemodule;
				VALIDATE_PRODUCT = YES;
			};
			name = Release;
		};
		56489AD32D870B7A0042832B /* Debug */ = {
			isa = XCBuildConfiguration;
			buildSettings = {
				ASSETCATALOG_COMPILER_APPICON_NAME = AppIcon;
				ASSETCATALOG_COMPILER_GLOBAL_ACCENT_COLOR_NAME = AccentColor;
				CODE_SIGN_STYLE = Automatic;
				CURRENT_PROJECT_VERSION = 1;
				DEVELOPMENT_ASSET_PATHS = "\"Expense Tracker (Tutorial)/Preview Content\"";
				DEVELOPMENT_TEAM = JFZ7TT4T4U;
				ENABLE_PREVIEWS = YES;
				GENERATE_INFOPLIST_FILE = YES;
				INFOPLIST_KEY_UIApplicationSceneManifest_Generation = YES;
				INFOPLIST_KEY_UIApplicationSupportsIndirectInputEvents = YES;
				INFOPLIST_KEY_UILaunchScreen_Generation = YES;
				INFOPLIST_KEY_UISupportedInterfaceOrientations_iPad = "UIInterfaceOrientationPortrait UIInterfaceOrientationPortraitUpsideDown UIInterfaceOrientationLandscapeLeft UIInterfaceOrientationLandscapeRight";
				INFOPLIST_KEY_UISupportedInterfaceOrientations_iPhone = "UIInterfaceOrientationPortrait UIInterfaceOrientationLandscapeLeft UIInterfaceOrientationLandscapeRight";
				LD_RUNPATH_SEARCH_PATHS = (
					"$(inherited)",
					"@executable_path/Frameworks",
				);
				MARKETING_VERSION = 1.0;
				PRODUCT_BUNDLE_IDENTIFIER = "com.example.Expense-Tracker--Tutorial-";
				PRODUCT_NAME = "$(TARGET_NAME)";
				SWIFT_EMIT_LOC_STRINGS = YES;
				SWIFT_VERSION = 5.0;
				TARGETED_DEVICE_FAMILY = "1,2";
			};
			name = Debug;
		};
		56489AD42D870B7A0042832B /* Release */ = {
			isa = XCBuildConfiguration;
			buildSettings = {
				ASSETCATALOG_COMPILER_APPICON_NAME = AppIcon;
				ASSETCATALOG_COMPILER_GLOBAL_ACCENT_COLOR_NAME = AccentColor;
				CODE_SIGN_STYLE = Automatic;
				CURRENT_PROJECT_VERSION = 1;
				DEVELOPMENT_ASSET_PATHS = "\"Expense Tracker (Tutorial)/Preview Content\"";
				DEVELOPMENT_TEAM = JFZ7TT4T4U;
				ENABLE_PREVIEWS = YES;
				GENERATE_INFOPLIST_FILE = YES;
				INFOPLIST_KEY_UIApplicationSceneManifest_Generation = YES;
				INFOPLIST_KEY_UIApplicationSupportsIndirectInputEvents = YES;
				INFOPLIST_KEY_UILaunchScreen_Generation = YES;
				INFOPLIST_KEY_UISupportedInterfaceOrientations_iPad = "UIInterfaceOrientationPortrait UIInterfaceOrientationPortraitUpsideDown UIInterfaceOrientationLandscapeLeft UIInterfaceOrientationLandscapeRight";
				INFOPLIST_KEY_UISupportedInterfaceOrientations_iPhone = "UIInterfaceOrientationPortrait UIInterfaceOrientationLandscapeLeft UIInterfaceOrientationLandscapeRight";
				LD_RUNPATH_SEARCH_PATHS = (
					"$(inherited)",
					"@executable_path/Frameworks",
				);
				MARKETING_VERSION = 1.0;
				PRODUCT_BUNDLE_IDENTIFIER = "com.example.Expense-Tracker--Tutorial-";
				PRODUCT_NAME = "$(TARGET_NAME)";
				SWIFT_EMIT_LOC_STRINGS = YES;
				SWIFT_VERSION = 5.0;
				TARGETED_DEVICE_FAMILY = "1,2";
			};
			name = Release;
		};
		56489AD62D870B7A0042832B /* Debug */ = {
			isa = XCBuildConfiguration;
			buildSettings = {
				BUNDLE_LOADER = "$(TEST_HOST)";
				CODE_SIGN_STYLE = Automatic;
				CURRENT_PROJECT_VERSION = 1;
				DEVELOPMENT_TEAM = JFZ7TT4T4U;
				GENERATE_INFOPLIST_FILE = YES;
				IPHONEOS_DEPLOYMENT_TARGET = 18.2;
				MARKETING_VERSION = 1.0;
				PRODUCT_BUNDLE_IDENTIFIER = "com.example.Expense-Tracker--Tutorial-Tests";
				PRODUCT_NAME = "$(TARGET_NAME)";
				SWIFT_EMIT_LOC_STRINGS = NO;
				SWIFT_VERSION = 5.0;
				TARGETED_DEVICE_FAMILY = "1,2";
				TEST_HOST = "$(BUILT_PRODUCTS_DIR)/Expense Tracker (Tutorial).app/$(BUNDLE_EXECUTABLE_FOLDER_PATH)/Expense Tracker (Tutorial)";
			};
			name = Debug;
		};
		56489AD72D870B7A0042832B /* Release */ = {
			isa = XCBuildConfiguration;
			buildSettings = {
				BUNDLE_LOADER = "$(TEST_HOST)";
				CODE_SIGN_STYLE = Automatic;
				CURRENT_PROJECT_VERSION = 1;
				DEVELOPMENT_TEAM = JFZ7TT4T4U;
				GENERATE_INFOPLIST_FILE = YES;
				IPHONEOS_DEPLOYMENT_TARGET = 18.2;
				MARKETING_VERSION = 1.0;
				PRODUCT_BUNDLE_IDENTIFIER = "com.example.Expense-Tracker--Tutorial-Tests";
				PRODUCT_NAME = "$(TARGET_NAME)";
				SWIFT_EMIT_LOC_STRINGS = NO;
				SWIFT_VERSION = 5.0;
				TARGETED_DEVICE_FAMILY = "1,2";
				TEST_HOST = "$(BUILT_PRODUCTS_DIR)/Expense Tracker (Tutorial).app/$(BUNDLE_EXECUTABLE_FOLDER_PATH)/Expense Tracker (Tutorial)";
			};
			name = Release;
		};
		56489AD92D870B7A0042832B /* Debug */ = {
			isa = XCBuildConfiguration;
			buildSettings = {
				CODE_SIGN_STYLE = Automatic;
				CURRENT_PROJECT_VERSION = 1;
				DEVELOPMENT_TEAM = JFZ7TT4T4U;
				GENERATE_INFOPLIST_FILE = YES;
				MARKETING_VERSION = 1.0;
				PRODUCT_BUNDLE_IDENTIFIER = "com.example.Expense-Tracker--Tutorial-UITests";
				PRODUCT_NAME = "$(TARGET_NAME)";
				SWIFT_EMIT_LOC_STRINGS = NO;
				SWIFT_VERSION = 5.0;
				TARGETED_DEVICE_FAMILY = "1,2";
				TEST_TARGET_NAME = "Expense Tracker (Tutorial)";
			};
			name = Debug;
		};
		56489ADA2D870B7A0042832B /* Release */ = {
			isa = XCBuildConfiguration;
			buildSettings = {
				CODE_SIGN_STYLE = Automatic;
				CURRENT_PROJECT_VERSION = 1;
				DEVELOPMENT_TEAM = JFZ7TT4T4U;
				GENERATE_INFOPLIST_FILE = YES;
				MARKETING_VERSION = 1.0;
				PRODUCT_BUNDLE_IDENTIFIER = "com.example.Expense-Tracker--Tutorial-UITests";
				PRODUCT_NAME = "$(TARGET_NAME)";
				SWIFT_EMIT_LOC_STRINGS = NO;
				SWIFT_VERSION = 5.0;
				TARGETED_DEVICE_FAMILY = "1,2";
				TEST_TARGET_NAME = "Expense Tracker (Tutorial)";
			};
			name = Release;
		};
/* End XCBuildConfiguration section */

/* Begin XCConfigurationList section */
		56489AA92D870B790042832B /* Build configuration list for PBXProject "Expense Tracker (Tutorial)" */ = {
			isa = XCConfigurationList;
			buildConfigurations = (
				56489AD02D870B7A0042832B /* Debug */,
				56489AD12D870B7A0042832B /* Release */,
			);
			defaultConfigurationIsVisible = 0;
			defaultConfigurationName = Release;
		};
		56489AD22D870B7A0042832B /* Build configuration list for PBXNativeTarget "Expense Tracker (Tutorial)" */ = {
			isa = XCConfigurationList;
			buildConfigurations = (
				56489AD32D870B7A0042832B /* Debug */,
				56489AD42D870B7A0042832B /* Release */,
			);
			defaultConfigurationIsVisible = 0;
			defaultConfigurationName = Release;
		};
		56489AD52D870B7A0042832B /* Build configuration list for PBXNativeTarget "Expense Tracker (Tutorial)Tests" */ = {
			isa = XCConfigurationList;
			buildConfigurations = (
				56489AD62D870B7A0042832B /* Debug */,
				56489AD72D870B7A0042832B /* Release */,
			);
			defaultConfigurationIsVisible = 0;
			defaultConfigurationName = Release;
		};
		56489AD82D870B7A0042832B /* Build configuration list for PBXNativeTarget "Expense Tracker (Tutorial)UITests" */ = {
			isa = XCConfigurationList;
			buildConfigurations = (
				56489AD92D870B7A0042832B /* Debug */,
				56489ADA2D870B7A0042832B /* Release */,
			);
			defaultConfigurationIsVisible = 0;
			defaultConfigurationName = Release;
		};
/* End XCConfigurationList section */

/* Begin XCRemoteSwiftPackageReference section */
		566D3CE82D9C3EAA00516319 /* XCRemoteSwiftPackageReference "SwiftUIFontIcon" */ = {
			isa = XCRemoteSwiftPackageReference;
			repositoryURL = "https://github.com/huybuidac/SwiftUIFontIcon";
			requirement = {
				branch = master;
				kind = branch;
			};
		};
/* End XCRemoteSwiftPackageReference section */

/* Begin XCSwiftPackageProductDependency section */
		566D3D002D9D374900516319 /* SwiftUIFontIcon */ = {
			isa = XCSwiftPackageProductDependency;
			package = 566D3CE82D9C3EAA00516319 /* XCRemoteSwiftPackageReference "SwiftUIFontIcon" */;
			productName = SwiftUIFontIcon;
		};
/* End XCSwiftPackageProductDependency section */
	};
	rootObject = 56489AA62D870B790042832B /* Project object */;
}
